
Microsoft Visual Studio Solution File, Format Version 12.00
# Visual Studio Version 16
VisualStudioVersion = 16.0.29613.14
MinimumVisualStudioVersion = 10.0.40219.1
Project("{9A19103F-16F7-4668-BE54-9A1E7A4F7556}") = "DijiWalk.Mobile", "DijiWalk.Mobile\DijiWalk.Mobile\DijiWalk.Mobile.csproj", "{F847B0AA-5269-4351-B6ED-0EE9F92D2E15}"
EndProject
Project("{FAE04EC0-301F-11D3-BF4B-00C04F79EFBC}") = "DijiWalk.Mobile.Android", "DijiWalk.Mobile\DijiWalk.Mobile.Android\DijiWalk.Mobile.Android.csproj", "{3305E505-F214-43C9-8964-E359FD01ECEB}"
EndProject
Project("{FAE04EC0-301F-11D3-BF4B-00C04F79EFBC}") = "DijiWalk.Mobile.iOS", "DijiWalk.Mobile\DijiWalk.Mobile.iOS\DijiWalk.Mobile.iOS.csproj", "{B9AC7645-47D6-4F64-B979-202167F47606}"
EndProject
Project("{9A19103F-16F7-4668-BE54-9A1E7A4F7556}") = "DijiWalk.WebApplication", "DijiWalk.WebApplication\DijiWalk.WebApplication.csproj", "{D2CAB11F-8EBC-44A1-B038-098AC09D315C}"
EndProject
Project("{FAE04EC0-301F-11D3-BF4B-00C04F79EFBC}") = "DijiWalk.Entities", "DijiWalk.Entities\DijiWalk.Entities.csproj", "{AD90938D-3AE4-4444-B854-5011CC76F1BD}"
EndProject
Project("{9A19103F-16F7-4668-BE54-9A1E7A4F7556}") = "DijiWalk.EntitiesContext", "DijiWalk.EntitiesContext\DijiWalk.EntitiesContext.csproj", "{34A55970-3D4F-4566-986E-CF8D4F560066}"
EndProject
Global
	GlobalSection(SolutionConfigurationPlatforms) = preSolution
		Ad-Hoc|Any CPU = Ad-Hoc|Any CPU
		Ad-Hoc|iPhone = Ad-Hoc|iPhone
		Ad-Hoc|iPhoneSimulator = Ad-Hoc|iPhoneSimulator
		AppStore|Any CPU = AppStore|Any CPU
		AppStore|iPhone = AppStore|iPhone
		AppStore|iPhoneSimulator = AppStore|iPhoneSimulator
		Debug|Any CPU = Debug|Any CPU
		Debug|iPhone = Debug|iPhone
		Debug|iPhoneSimulator = Debug|iPhoneSimulator
		Release|Any CPU = Release|Any CPU
		Release|iPhone = Release|iPhone
		Release|iPhoneSimulator = Release|iPhoneSimulator
	EndGlobalSection
	GlobalSection(ProjectConfigurationPlatforms) = postSolution
		{F847B0AA-5269-4351-B6ED-0EE9F92D2E15}.Ad-Hoc|Any CPU.ActiveCfg = Debug|Any CPU
		{F847B0AA-5269-4351-B6ED-0EE9F92D2E15}.Ad-Hoc|Any CPU.Build.0 = Debug|Any CPU
		{F847B0AA-5269-4351-B6ED-0EE9F92D2E15}.Ad-Hoc|iPhone.ActiveCfg = Debug|Any CPU
		{F847B0AA-5269-4351-B6ED-0EE9F92D2E15}.Ad-Hoc|iPhone.Build.0 = Debug|Any CPU
		{F847B0AA-5269-4351-B6ED-0EE9F92D2E15}.Ad-Hoc|iPhoneSimulator.ActiveCfg = Debug|Any CPU
		{F847B0AA-5269-4351-B6ED-0EE9F92D2E15}.Ad-Hoc|iPhoneSimulator.Build.0 = Debug|Any CPU
		{F847B0AA-5269-4351-B6ED-0EE9F92D2E15}.AppStore|Any CPU.ActiveCfg = Debug|Any CPU
		{F847B0AA-5269-4351-B6ED-0EE9F92D2E15}.AppStore|Any CPU.Build.0 = Debug|Any CPU
		{F847B0AA-5269-4351-B6ED-0EE9F92D2E15}.AppStore|iPhone.ActiveCfg = Debug|Any CPU
		{F847B0AA-5269-4351-B6ED-0EE9F92D2E15}.AppStore|iPhone.Build.0 = Debug|Any CPU
		{F847B0AA-5269-4351-B6ED-0EE9F92D2E15}.AppStore|iPhoneSimulator.ActiveCfg = Debug|Any CPU
		{F847B0AA-5269-4351-B6ED-0EE9F92D2E15}.AppStore|iPhoneSimulator.Build.0 = Debug|Any CPU
		{F847B0AA-5269-4351-B6ED-0EE9F92D2E15}.Debug|Any CPU.ActiveCfg = Debug|Any CPU
		{F847B0AA-5269-4351-B6ED-0EE9F92D2E15}.Debug|Any CPU.Build.0 = Debug|Any CPU
		{F847B0AA-5269-4351-B6ED-0EE9F92D2E15}.Debug|iPhone.ActiveCfg = Debug|Any CPU
		{F847B0AA-5269-4351-B6ED-0EE9F92D2E15}.Debug|iPhone.Build.0 = Debug|Any CPU
		{F847B0AA-5269-4351-B6ED-0EE9F92D2E15}.Debug|iPhoneSimulator.ActiveCfg = Debug|Any CPU
		{F847B0AA-5269-4351-B6ED-0EE9F92D2E15}.Debug|iPhoneSimulator.Build.0 = Debug|Any CPU
		{F847B0AA-5269-4351-B6ED-0EE9F92D2E15}.Release|Any CPU.ActiveCfg = Release|Any CPU
		{F847B0AA-5269-4351-B6ED-0EE9F92D2E15}.Release|Any CPU.Build.0 = Release|Any CPU
		{F847B0AA-5269-4351-B6ED-0EE9F92D2E15}.Release|iPhone.ActiveCfg = Release|Any CPU
		{F847B0AA-5269-4351-B6ED-0EE9F92D2E15}.Release|iPhone.Build.0 = Release|Any CPU
		{F847B0AA-5269-4351-B6ED-0EE9F92D2E15}.Release|iPhoneSimulator.ActiveCfg = Release|Any CPU
		{F847B0AA-5269-4351-B6ED-0EE9F92D2E15}.Release|iPhoneSimulator.Build.0 = Release|Any CPU
		{3305E505-F214-43C9-8964-E359FD01ECEB}.Ad-Hoc|Any CPU.ActiveCfg = Release|Any CPU
		{3305E505-F214-43C9-8964-E359FD01ECEB}.Ad-Hoc|Any CPU.Build.0 = Release|Any CPU
		{3305E505-F214-43C9-8964-E359FD01ECEB}.Ad-Hoc|Any CPU.Deploy.0 = Release|Any CPU
		{3305E505-F214-43C9-8964-E359FD01ECEB}.Ad-Hoc|iPhone.ActiveCfg = Release|Any CPU
		{3305E505-F214-43C9-8964-E359FD01ECEB}.Ad-Hoc|iPhone.Build.0 = Release|Any CPU
		{3305E505-F214-43C9-8964-E359FD01ECEB}.Ad-Hoc|iPhone.Deploy.0 = Release|Any CPU
		{3305E505-F214-43C9-8964-E359FD01ECEB}.Ad-Hoc|iPhoneSimulator.ActiveCfg = Release|Any CPU
		{3305E505-F214-43C9-8964-E359FD01ECEB}.Ad-Hoc|iPhoneSimulator.Build.0 = Release|Any CPU
		{3305E505-F214-43C9-8964-E359FD01ECEB}.Ad-Hoc|iPhoneSimulator.Deploy.0 = Release|Any CPU
		{3305E505-F214-43C9-8964-E359FD01ECEB}.AppStore|Any CPU.ActiveCfg = Release|Any CPU
		{3305E505-F214-43C9-8964-E359FD01ECEB}.AppStore|Any CPU.Build.0 = Release|Any CPU
		{3305E505-F214-43C9-8964-E359FD01ECEB}.AppStore|Any CPU.Deploy.0 = Release|Any CPU
		{3305E505-F214-43C9-8964-E359FD01ECEB}.AppStore|iPhone.ActiveCfg = Release|Any CPU
		{3305E505-F214-43C9-8964-E359FD01ECEB}.AppStore|iPhone.Build.0 = Release|Any CPU
		{3305E505-F214-43C9-8964-E359FD01ECEB}.AppStore|iPhone.Deploy.0 = Release|Any CPU
		{3305E505-F214-43C9-8964-E359FD01ECEB}.AppStore|iPhoneSimulator.ActiveCfg = Release|Any CPU
		{3305E505-F214-43C9-8964-E359FD01ECEB}.AppStore|iPhoneSimulator.Build.0 = Release|Any CPU
		{3305E505-F214-43C9-8964-E359FD01ECEB}.AppStore|iPhoneSimulator.Deploy.0 = Release|Any CPU
		{3305E505-F214-43C9-8964-E359FD01ECEB}.Debug|Any CPU.ActiveCfg = Debug|Any CPU
		{3305E505-F214-43C9-8964-E359FD01ECEB}.Debug|Any CPU.Build.0 = Debug|Any CPU
		{3305E505-F214-43C9-8964-E359FD01ECEB}.Debug|Any CPU.Deploy.0 = Debug|Any CPU
		{3305E505-F214-43C9-8964-E359FD01ECEB}.Debug|iPhone.ActiveCfg = Debug|Any CPU
		{3305E505-F214-43C9-8964-E359FD01ECEB}.Debug|iPhone.Build.0 = Debug|Any CPU
		{3305E505-F214-43C9-8964-E359FD01ECEB}.Debug|iPhone.Deploy.0 = Debug|Any CPU
		{3305E505-F214-43C9-8964-E359FD01ECEB}.Debug|iPhoneSimulator.ActiveCfg = Debug|Any CPU
		{3305E505-F214-43C9-8964-E359FD01ECEB}.Debug|iPhoneSimulator.Build.0 = Debug|Any CPU
		{3305E505-F214-43C9-8964-E359FD01ECEB}.Debug|iPhoneSimulator.Deploy.0 = Debug|Any CPU
		{3305E505-F214-43C9-8964-E359FD01ECEB}.Release|Any CPU.ActiveCfg = Release|Any CPU
		{3305E505-F214-43C9-8964-E359FD01ECEB}.Release|Any CPU.Build.0 = Release|Any CPU
		{3305E505-F214-43C9-8964-E359FD01ECEB}.Release|Any CPU.Deploy.0 = Release|Any CPU
		{3305E505-F214-43C9-8964-E359FD01ECEB}.Release|iPhone.ActiveCfg = Release|Any CPU
		{3305E505-F214-43C9-8964-E359FD01ECEB}.Release|iPhone.Build.0 = Release|Any CPU
		{3305E505-F214-43C9-8964-E359FD01ECEB}.Release|iPhone.Deploy.0 = Release|Any CPU
		{3305E505-F214-43C9-8964-E359FD01ECEB}.Release|iPhoneSimulator.ActiveCfg = Release|Any CPU
		{3305E505-F214-43C9-8964-E359FD01ECEB}.Release|iPhoneSimulator.Build.0 = Release|Any CPU
		{3305E505-F214-43C9-8964-E359FD01ECEB}.Release|iPhoneSimulator.Deploy.0 = Release|Any CPU
		{B9AC7645-47D6-4F64-B979-202167F47606}.Ad-Hoc|Any CPU.ActiveCfg = Ad-Hoc|iPhone
		{B9AC7645-47D6-4F64-B979-202167F47606}.Ad-Hoc|iPhone.ActiveCfg = Ad-Hoc|iPhone
		{B9AC7645-47D6-4F64-B979-202167F47606}.Ad-Hoc|iPhone.Build.0 = Ad-Hoc|iPhone
		{B9AC7645-47D6-4F64-B979-202167F47606}.Ad-Hoc|iPhoneSimulator.ActiveCfg = Ad-Hoc|iPhoneSimulator
		{B9AC7645-47D6-4F64-B979-202167F47606}.Ad-Hoc|iPhoneSimulator.Build.0 = Ad-Hoc|iPhoneSimulator
		{B9AC7645-47D6-4F64-B979-202167F47606}.AppStore|Any CPU.ActiveCfg = AppStore|iPhone
		{B9AC7645-47D6-4F64-B979-202167F47606}.AppStore|iPhone.ActiveCfg = AppStore|iPhone
		{B9AC7645-47D6-4F64-B979-202167F47606}.AppStore|iPhone.Build.0 = AppStore|iPhone
		{B9AC7645-47D6-4F64-B979-202167F47606}.AppStore|iPhoneSimulator.ActiveCfg = AppStore|iPhoneSimulator
		{B9AC7645-47D6-4F64-B979-202167F47606}.AppStore|iPhoneSimulator.Build.0 = AppStore|iPhoneSimulator
		{B9AC7645-47D6-4F64-B979-202167F47606}.Debug|Any CPU.ActiveCfg = Debug|iPhone
		{B9AC7645-47D6-4F64-B979-202167F47606}.Debug|iPhone.ActiveCfg = Debug|iPhone
		{B9AC7645-47D6-4F64-B979-202167F47606}.Debug|iPhone.Build.0 = Debug|iPhone
		{B9AC7645-47D6-4F64-B979-202167F47606}.Debug|iPhoneSimulator.ActiveCfg = Debug|iPhoneSimulator
		{B9AC7645-47D6-4F64-B979-202167F47606}.Debug|iPhoneSimulator.Build.0 = Debug|iPhoneSimulator
		{B9AC7645-47D6-4F64-B979-202167F47606}.Release|Any CPU.ActiveCfg = Release|iPhone
		{B9AC7645-47D6-4F64-B979-202167F47606}.Release|iPhone.ActiveCfg = Release|iPhone
		{B9AC7645-47D6-4F64-B979-202167F47606}.Release|iPhone.Build.0 = Release|iPhone
		{B9AC7645-47D6-4F64-B979-202167F47606}.Release|iPhoneSimulator.ActiveCfg = Release|iPhoneSimulator
		{B9AC7645-47D6-4F64-B979-202167F47606}.Release|iPhoneSimulator.Build.0 = Release|iPhoneSimulator
		{D2CAB11F-8EBC-44A1-B038-098AC09D315C}.Ad-Hoc|Any CPU.ActiveCfg = Debug|Any CPU
		{D2CAB11F-8EBC-44A1-B038-098AC09D315C}.Ad-Hoc|Any CPU.Build.0 = Debug|Any CPU
		{D2CAB11F-8EBC-44A1-B038-098AC09D315C}.Ad-Hoc|iPhone.ActiveCfg = Debug|Any CPU
		{D2CAB11F-8EBC-44A1-B038-098AC09D315C}.Ad-Hoc|iPhone.Build.0 = Debug|Any CPU
		{D2CAB11F-8EBC-44A1-B038-098AC09D315C}.Ad-Hoc|iPhoneSimulator.ActiveCfg = Debug|Any CPU
		{D2CAB11F-8EBC-44A1-B038-098AC09D315C}.Ad-Hoc|iPhoneSimulator.Build.0 = Debug|Any CPU
		{D2CAB11F-8EBC-44A1-B038-098AC09D315C}.AppStore|Any CPU.ActiveCfg = Debug|Any CPU
		{D2CAB11F-8EBC-44A1-B038-098AC09D315C}.AppStore|Any CPU.Build.0 = Debug|Any CPU
		{D2CAB11F-8EBC-44A1-B038-098AC09D315C}.AppStore|iPhone.ActiveCfg = Debug|Any CPU
		{D2CAB11F-8EBC-44A1-B038-098AC09D315C}.AppStore|iPhone.Build.0 = Debug|Any CPU
		{D2CAB11F-8EBC-44A1-B038-098AC09D315C}.AppStore|iPhoneSimulator.ActiveCfg = Debug|Any CPU
		{D2CAB11F-8EBC-44A1-B038-098AC09D315C}.AppStore|iPhoneSimulator.Build.0 = Debug|Any CPU
		{D2CAB11F-8EBC-44A1-B038-098AC09D315C}.Debug|Any CPU.ActiveCfg = Debug|Any CPU
		{D2CAB11F-8EBC-44A1-B038-098AC09D315C}.Debug|Any CPU.Build.0 = Debug|Any CPU
		{D2CAB11F-8EBC-44A1-B038-098AC09D315C}.Debug|iPhone.ActiveCfg = Debug|Any CPU
		{D2CAB11F-8EBC-44A1-B038-098AC09D315C}.Debug|iPhone.Build.0 = Debug|Any CPU
		{D2CAB11F-8EBC-44A1-B038-098AC09D315C}.Debug|iPhoneSimulator.ActiveCfg = Debug|Any CPU
		{D2CAB11F-8EBC-44A1-B038-098AC09D315C}.Debug|iPhoneSimulator.Build.0 = Debug|Any CPU
		{D2CAB11F-8EBC-44A1-B038-098AC09D315C}.Release|Any CPU.ActiveCfg = Release|Any CPU
		{D2CAB11F-8EBC-44A1-B038-098AC09D315C}.Release|Any CPU.Build.0 = Release|Any CPU
		{D2CAB11F-8EBC-44A1-B038-098AC09D315C}.Release|iPhone.ActiveCfg = Release|Any CPU
		{D2CAB11F-8EBC-44A1-B038-098AC09D315C}.Release|iPhone.Build.0 = Release|Any CPU
		{D2CAB11F-8EBC-44A1-B038-098AC09D315C}.Release|iPhoneSimulator.ActiveCfg = Release|Any CPU
		{D2CAB11F-8EBC-44A1-B038-098AC09D315C}.Release|iPhoneSimulator.Build.0 = Release|Any CPU
		{AD90938D-3AE4-4444-B854-5011CC76F1BD}.Ad-Hoc|Any CPU.ActiveCfg = Debug|Any CPU
		{AD90938D-3AE4-4444-B854-5011CC76F1BD}.Ad-Hoc|Any CPU.Build.0 = Debug|Any CPU
		{AD90938D-3AE4-4444-B854-5011CC76F1BD}.Ad-Hoc|iPhone.ActiveCfg = Debug|Any CPU
		{AD90938D-3AE4-4444-B854-5011CC76F1BD}.Ad-Hoc|iPhone.Build.0 = Debug|Any CPU
		{AD90938D-3AE4-4444-B854-5011CC76F1BD}.Ad-Hoc|iPhoneSimulator.ActiveCfg = Debug|Any CPU
		{AD90938D-3AE4-4444-B854-5011CC76F1BD}.Ad-Hoc|iPhoneSimulator.Build.0 = Debug|Any CPU
		{AD90938D-3AE4-4444-B854-5011CC76F1BD}.AppStore|Any CPU.ActiveCfg = Debug|Any CPU
		{AD90938D-3AE4-4444-B854-5011CC76F1BD}.AppStore|Any CPU.Build.0 = Debug|Any CPU
		{AD90938D-3AE4-4444-B854-5011CC76F1BD}.AppStore|iPhone.ActiveCfg = Debug|Any CPU
		{AD90938D-3AE4-4444-B854-5011CC76F1BD}.AppStore|iPhone.Build.0 = Debug|Any CPU
		{AD90938D-3AE4-4444-B854-5011CC76F1BD}.AppStore|iPhoneSimulator.ActiveCfg = Debug|Any CPU
		{AD90938D-3AE4-4444-B854-5011CC76F1BD}.AppStore|iPhoneSimulator.Build.0 = Debug|Any CPU
		{AD90938D-3AE4-4444-B854-5011CC76F1BD}.Debug|Any CPU.ActiveCfg = Debug|Any CPU
		{AD90938D-3AE4-4444-B854-5011CC76F1BD}.Debug|Any CPU.Build.0 = Debug|Any CPU
		{AD90938D-3AE4-4444-B854-5011CC76F1BD}.Debug|iPhone.ActiveCfg = Debug|Any CPU
		{AD90938D-3AE4-4444-B854-5011CC76F1BD}.Debug|iPhone.Build.0 = Debug|Any CPU
		{AD90938D-3AE4-4444-B854-5011CC76F1BD}.Debug|iPhoneSimulator.ActiveCfg = Debug|Any CPU
		{AD90938D-3AE4-4444-B854-5011CC76F1BD}.Debug|iPhoneSimulator.Build.0 = Debug|Any CPU
		{AD90938D-3AE4-4444-B854-5011CC76F1BD}.Release|Any CPU.ActiveCfg = Release|Any CPU
		{AD90938D-3AE4-4444-B854-5011CC76F1BD}.Release|Any CPU.Build.0 = Release|Any CPU
		{AD90938D-3AE4-4444-B854-5011CC76F1BD}.Release|iPhone.ActiveCfg = Release|Any CPU
		{AD90938D-3AE4-4444-B854-5011CC76F1BD}.Release|iPhone.Build.0 = Release|Any CPU
		{AD90938D-3AE4-4444-B854-5011CC76F1BD}.Release|iPhoneSimulator.ActiveCfg = Release|Any CPU
		{AD90938D-3AE4-4444-B854-5011CC76F1BD}.Release|iPhoneSimulator.Build.0 = Release|Any CPU
		{34A55970-3D4F-4566-986E-CF8D4F560066}.Ad-Hoc|Any CPU.ActiveCfg = Debug|Any CPU
		{34A55970-3D4F-4566-986E-CF8D4F560066}.Ad-Hoc|Any CPU.Build.0 = Debug|Any CPU
		{34A55970-3D4F-4566-986E-CF8D4F560066}.Ad-Hoc|iPhone.ActiveCfg = Debug|Any CPU
		{34A55970-3D4F-4566-986E-CF8D4F560066}.Ad-Hoc|iPhone.Build.0 = Debug|Any CPU
		{34A55970-3D4F-4566-986E-CF8D4F560066}.Ad-Hoc|iPhoneSimulator.ActiveCfg = Debug|Any CPU
		{34A55970-3D4F-4566-986E-CF8D4F560066}.Ad-Hoc|iPhoneSimulator.Build.0 = Debug|Any CPU
		{34A55970-3D4F-4566-986E-CF8D4F560066}.AppStore|Any CPU.ActiveCfg = Debug|Any CPU
		{34A55970-3D4F-4566-986E-CF8D4F560066}.AppStore|Any CPU.Build.0 = Debug|Any CPU
		{34A55970-3D4F-4566-986E-CF8D4F560066}.AppStore|iPhone.ActiveCfg = Debug|Any CPU
		{34A55970-3D4F-4566-986E-CF8D4F560066}.AppStore|iPhone.Build.0 = Debug|Any CPU
		{34A55970-3D4F-4566-986E-CF8D4F560066}.AppStore|iPhoneSimulator.ActiveCfg = Debug|Any CPU
		{34A55970-3D4F-4566-986E-CF8D4F560066}.AppStore|iPhoneSimulator.Build.0 = Debug|Any CPU
		{34A55970-3D4F-4566-986E-CF8D4F560066}.Debug|Any CPU.ActiveCfg = Debug|Any CPU
		{34A55970-3D4F-4566-986E-CF8D4F560066}.Debug|Any CPU.Build.0 = Debug|Any CPU
		{34A55970-3D4F-4566-986E-CF8D4F560066}.Debug|iPhone.ActiveCfg = Debug|Any CPU
		{34A55970-3D4F-4566-986E-CF8D4F560066}.Debug|iPhone.Build.0 = Debug|Any CPU
		{34A55970-3D4F-4566-986E-CF8D4F560066}.Debug|iPhoneSimulator.ActiveCfg = Debug|Any CPU
		{34A55970-3D4F-4566-986E-CF8D4F560066}.Debug|iPhoneSimulator.Build.0 = Debug|Any CPU
		{34A55970-3D4F-4566-986E-CF8D4F560066}.Release|Any CPU.ActiveCfg = Release|Any CPU
		{34A55970-3D4F-4566-986E-CF8D4F560066}.Release|Any CPU.Build.0 = Release|Any CPU
		{34A55970-3D4F-4566-986E-CF8D4F560066}.Release|iPhone.ActiveCfg = Release|Any CPU
		{34A55970-3D4F-4566-986E-CF8D4F560066}.Release|iPhone.Build.0 = Release|Any CPU
		{34A55970-3D4F-4566-986E-CF8D4F560066}.Release|iPhoneSimulator.ActiveCfg = Release|Any CPU
		{34A55970-3D4F-4566-986E-CF8D4F560066}.Release|iPhoneSimulator.Build.0 = Release|Any CPU
	EndGlobalSection
	GlobalSection(SolutionProperties) = preSolution
		HideSolutionNode = FALSE
	EndGlobalSection
	GlobalSection(ExtensibilityGlobals) = postSolution
		SolutionGuid = {F4C48237-4F0D-4244-93BE-5FB91D6FA4BF}
	EndGlobalSection
EndGlobal
